
Microsoft Visual Studio Solution File, Format Version 12.00
# Visual Studio Version 16
VisualStudioVersion = 16.0.31025.194
MinimumVisualStudioVersion = 10.0.40219.1
Project("{888888A0-9F3D-457C-B088-3A5042F75D52}") = "Husqvarna", "Husqvarna.pyproj", "{10CDA5FF-2AB9-444D-A8C1-1FC0755E701B}"
EndProject
Global
	GlobalSection(SolutionConfigurationPlatforms) = preSolution
		Debug|Any CPU = Debug|Any CPU
		Release|Any CPU = Release|Any CPU
	EndGlobalSection
	GlobalSection(ProjectConfigurationPlatforms) = postSolution
		{10CDA5FF-2AB9-444D-A8C1-1FC0755E701B}.Debug|Any CPU.ActiveCfg = Debug|Any CPU
		{10CDA5FF-2AB9-444D-A8C1-1FC0755E701B}.Release|Any CPU.ActiveCfg = Release|Any CPU
	EndGlobalSection
	GlobalSection(SolutionProperties) = preSolution
		HideSolutionNode = FALSE
	EndGlobalSection
	GlobalSection(ExtensibilityGlobals) = postSolution
		SolutionGuid = {359DE11C-E6EC-4B94-8AB8-3EBCFC3A9ED5}
	EndGlobalSection
EndGlobal
